
Microsoft Visual Studio Solution File, Format Version 12.00
# Visual Studio Version 17
VisualStudioVersion = 17.0.31903.59
MinimumVisualStudioVersion = 10.0.40219.1
Project("{FAE04EC0-301F-11D3-BF4B-00C04F79EFBC}") = "FrameworkChallenge.API", "FrameworkChallenge.API\FrameworkChallenge.API.csproj", "{599F0E12-0729-4A2F-8AE5-2C0A9383A7C7}"
EndProject
Project("{FAE04EC0-301F-11D3-BF4B-00C04F79EFBC}") = "FrameworkChallenge.Domain", "FrameworkChallenge.Domain\FrameworkChallenge.Domain.csproj", "{1165F4C3-52BE-403A-BD48-61FF28B5CB5C}"
EndProject
Global
	GlobalSection(SolutionConfigurationPlatforms) = preSolution
		Debug|Any CPU = Debug|Any CPU
		Release|Any CPU = Release|Any CPU
	EndGlobalSection
	GlobalSection(ProjectConfigurationPlatforms) = postSolution
		{599F0E12-0729-4A2F-8AE5-2C0A9383A7C7}.Debug|Any CPU.ActiveCfg = Debug|Any CPU
		{599F0E12-0729-4A2F-8AE5-2C0A9383A7C7}.Debug|Any CPU.Build.0 = Debug|Any CPU
		{599F0E12-0729-4A2F-8AE5-2C0A9383A7C7}.Release|Any CPU.ActiveCfg = Release|Any CPU
		{599F0E12-0729-4A2F-8AE5-2C0A9383A7C7}.Release|Any CPU.Build.0 = Release|Any CPU
		{1165F4C3-52BE-403A-BD48-61FF28B5CB5C}.Debug|Any CPU.ActiveCfg = Debug|Any CPU
		{1165F4C3-52BE-403A-BD48-61FF28B5CB5C}.Debug|Any CPU.Build.0 = Debug|Any CPU
		{1165F4C3-52BE-403A-BD48-61FF28B5CB5C}.Release|Any CPU.ActiveCfg = Release|Any CPU
		{1165F4C3-52BE-403A-BD48-61FF28B5CB5C}.Release|Any CPU.Build.0 = Release|Any CPU
	EndGlobalSection
	GlobalSection(SolutionProperties) = preSolution
		HideSolutionNode = FALSE
	EndGlobalSection
	GlobalSection(ExtensibilityGlobals) = postSolution
		SolutionGuid = {AE2965CB-A51D-4F2B-A29D-15DF0363EA90}
	EndGlobalSection
EndGlobal
